
Microsoft Visual Studio Solution File, Format Version 12.00
# Visual Studio Version 17
VisualStudioVersion = 17.14.36518.9 d17.14
MinimumVisualStudioVersion = 10.0.40219.1
Project("{FAE04EC0-301F-11D3-BF4B-00C04F79EFBC}") = "FitnessCenter", "FitnessCenter.csproj", "{100D3111-B448-428F-B696-88FEB5BCD0BF}"
EndProject
Global
	GlobalSection(SolutionConfigurationPlatforms) = preSolution
		Debug|Any CPU = Debug|Any CPU
		Release|Any CPU = Release|Any CPU
	EndGlobalSection
	GlobalSection(ProjectConfigurationPlatforms) = postSolution
		{100D3111-B448-428F-B696-88FEB5BCD0BF}.Debug|Any CPU.ActiveCfg = Debug|Any CPU
		{100D3111-B448-428F-B696-88FEB5BCD0BF}.Debug|Any CPU.Build.0 = Debug|Any CPU
		{100D3111-B448-428F-B696-88FEB5BCD0BF}.Release|Any CPU.ActiveCfg = Release|Any CPU
		{100D3111-B448-428F-B696-88FEB5BCD0BF}.Release|Any CPU.Build.0 = Release|Any CPU
	EndGlobalSection
	GlobalSection(SolutionProperties) = preSolution
		HideSolutionNode = FALSE
	EndGlobalSection
	GlobalSection(ExtensibilityGlobals) = postSolution
		SolutionGuid = {6B9FA25B-3791-467B-A4BC-3D3458B3B0E0}
	EndGlobalSection
EndGlobal
